
Microsoft Visual Studio Solution File, Format Version 12.00
# Visual Studio Version 16
VisualStudioVersion = 16.0.30717.126
MinimumVisualStudioVersion = 10.0.40219.1
Project("{8BC9CEB8-8B4A-11D0-8D11-00A0C91BC942}") = "Zmeika", "Zmeika\Zmeika.vcxproj", "{BB6B864D-0CB9-4803-A4A8-057AB99F6561}"
EndProject
Global
	GlobalSection(SolutionConfigurationPlatforms) = preSolution
		Debug|x64 = Debug|x64
		Debug|x86 = Debug|x86
		Release|x64 = Release|x64
		Release|x86 = Release|x86
	EndGlobalSection
	GlobalSection(ProjectConfigurationPlatforms) = postSolution
		{BB6B864D-0CB9-4803-A4A8-057AB99F6561}.Debug|x64.ActiveCfg = Debug|x64
		{BB6B864D-0CB9-4803-A4A8-057AB99F6561}.Debug|x64.Build.0 = Debug|x64
		{BB6B864D-0CB9-4803-A4A8-057AB99F6561}.Debug|x86.ActiveCfg = Debug|Win32
		{BB6B864D-0CB9-4803-A4A8-057AB99F6561}.Debug|x86.Build.0 = Debug|Win32
		{BB6B864D-0CB9-4803-A4A8-057AB99F6561}.Release|x64.ActiveCfg = Release|x64
		{BB6B864D-0CB9-4803-A4A8-057AB99F6561}.Release|x64.Build.0 = Release|x64
		{BB6B864D-0CB9-4803-A4A8-057AB99F6561}.Release|x86.ActiveCfg = Release|Win32
		{BB6B864D-0CB9-4803-A4A8-057AB99F6561}.Release|x86.Build.0 = Release|Win32
	EndGlobalSection
	GlobalSection(SolutionProperties) = preSolution
		HideSolutionNode = FALSE
	EndGlobalSection
	GlobalSection(ExtensibilityGlobals) = postSolution
		SolutionGuid = {877C04B8-F4AF-46BB-A59A-C1CE20E33CAC}
	EndGlobalSection
EndGlobal
